
Microsoft Visual Studio Solution File, Format Version 12.00
# Visual Studio 15
VisualStudioVersion = 15.0.27703.2047
MinimumVisualStudioVersion = 10.0.40219.1
Project("{9A19103F-16F7-4668-BE54-9A1E7A4F7556}") = "Leap", "Leap.csproj", "{14FBF8B5-5F4F-48DE-996D-3B16973F7890}"
EndProject
Global
	GlobalSection(SolutionConfigurationPlatforms) = preSolution
		Debug|Any CPU = Debug|Any CPU
		Release|Any CPU = Release|Any CPU
	EndGlobalSection
	GlobalSection(ProjectConfigurationPlatforms) = postSolution
		{14FBF8B5-5F4F-48DE-996D-3B16973F7890}.Debug|Any CPU.ActiveCfg = Debug|Any CPU
		{14FBF8B5-5F4F-48DE-996D-3B16973F7890}.Debug|Any CPU.Build.0 = Debug|Any CPU
		{14FBF8B5-5F4F-48DE-996D-3B16973F7890}.Release|Any CPU.ActiveCfg = Release|Any CPU
		{14FBF8B5-5F4F-48DE-996D-3B16973F7890}.Release|Any CPU.Build.0 = Release|Any CPU
	EndGlobalSection
	GlobalSection(SolutionProperties) = preSolution
		HideSolutionNode = FALSE
	EndGlobalSection
	GlobalSection(ExtensibilityGlobals) = postSolution
		SolutionGuid = {C92C3319-17B5-4D37-8573-4C0B42F5F7E1}
	EndGlobalSection
EndGlobal
