
Microsoft Visual Studio Solution File, Format Version 12.00
# Visual Studio 15
VisualStudioVersion = 15.0.27703.2042
MinimumVisualStudioVersion = 10.0.40219.1
Project("{9A19103F-16F7-4668-BE54-9A1E7A4F7556}") = "Hamming", "Hamming.csproj", "{D4475A6A-0C06-4DC8-A47D-395AE8CF5549}"
EndProject
Global
	GlobalSection(SolutionConfigurationPlatforms) = preSolution
		Debug|Any CPU = Debug|Any CPU
		Release|Any CPU = Release|Any CPU
	EndGlobalSection
	GlobalSection(ProjectConfigurationPlatforms) = postSolution
		{D4475A6A-0C06-4DC8-A47D-395AE8CF5549}.Debug|Any CPU.ActiveCfg = Debug|Any CPU
		{D4475A6A-0C06-4DC8-A47D-395AE8CF5549}.Debug|Any CPU.Build.0 = Debug|Any CPU
		{D4475A6A-0C06-4DC8-A47D-395AE8CF5549}.Release|Any CPU.ActiveCfg = Release|Any CPU
		{D4475A6A-0C06-4DC8-A47D-395AE8CF5549}.Release|Any CPU.Build.0 = Release|Any CPU
	EndGlobalSection
	GlobalSection(SolutionProperties) = preSolution
		HideSolutionNode = FALSE
	EndGlobalSection
	GlobalSection(ExtensibilityGlobals) = postSolution
		SolutionGuid = {B5CAB55C-A16E-48C7-A94A-47420B628A87}
	EndGlobalSection
EndGlobal
